{
  "version": "4",
  "specifiers": {
    "npm:@modelcontextprotocol/sdk@^1.8.0": "1.9.0_express@5.1.0_zod@3.24.2",
    "npm:@types/node@*": "22.5.4",
    "npm:chalk@^5.4.1": "5.4.1"
  },
  "npm": {
    "@modelcontextprotocol/sdk@1.9.0_express@5.1.0_zod@3.24.2": {
      "integrity": "sha512-Jq2EUCQpe0iyO5FGpzVYDNFR6oR53AIrwph9yWl7uSc7IWUMsrmpmSaTGra5hQNunXpM+9oit85p924jWuHzUA==",
      "dependencies": [
        "content-type",
        "cors",
        "cross-spawn",
        "eventsource",
        "express",
        "express-rate-limit",
        "pkce-challenge",
        "raw-body",
        "zod",
        "zod-to-json-schema"
      ]
    },
    "@types/node@22.5.4": {
      "integrity": "sha512-FDuKUJQm/ju9fT/SeX/6+gBzoPzlVCzfzmGkwKvRHQVxi4BntVbyIwf6a4Xn62mrvndLiml6z/UBXIdEVjQLXg==",
      "dependencies": [
        "undici-types"
      ]
    },
    "accepts@2.0.0": {
      "integrity": "sha512-5cvg6CtKwfgdmVqY1WIiXKc3Q1bkRqGLi+2W/6ao+6Y7gu/RCwRuAhGEzh5B4KlszSuTLgZYuqFqo5bImjNKng==",
      "dependencies": [
        "mime-types",
        "negotiator"
      ]
    },
    "body-parser@2.2.0": {
      "integrity": "sha512-02qvAaxv8tp7fBa/mw1ga98OGm+eCbqzJOKoRt70sLmfEEi+jyBYVTDGfCL/k06/4EMk/z01gCe7HoCH/f2LTg==",
      "dependencies": [
        "bytes",
        "content-type",
        "debug",
        "http-errors",
        "iconv-lite",
        "on-finished",
        "qs",
        "raw-body",
        "type-is"
      ]
    },
    "bytes@3.1.2": {
      "integrity": "sha512-/Nf7TyzTx6S3yRJObOAV7956r8cr2+Oj8AC5dt8wSP3BQAoeX58NoHyCU8P8zGkNXStjTSi6fzO6F0pBdcYbEg=="
    },
    "call-bind-apply-helpers@1.0.2": {
      "integrity": "sha512-Sp1ablJ0ivDkSzjcaJdxEunN5/XvksFJ2sMBFfq6x0ryhQV/2b/KwFe21cMpmHtPOSij8K99/wSfoEuTObmuMQ==",
      "dependencies": [
        "es-errors",
        "function-bind"
      ]
    },
    "call-bound@1.0.4": {
      "integrity": "sha512-+ys997U96po4Kx/ABpBCqhA9EuxJaQWDQg7295H4hBphv3IZg0boBKuwYpt4YXp6MZ5AmZQnU/tyMTlRpaSejg==",
      "dependencies": [
        "call-bind-apply-helpers",
        "get-intrinsic"
      ]
    },
    "chalk@5.4.1": {
      "integrity": "sha512-zgVZuo2WcZgfUEmsn6eO3kINexW8RAE4maiQ8QNs8CtpPCSyMiYsULR3HQYkm3w8FIA3SberyMJMSldGsW+U3w=="
    },
    "content-disposition@1.0.0": {
      "integrity": "sha512-Au9nRL8VNUut/XSzbQA38+M78dzP4D+eqg3gfJHMIHHYa3bg067xj1KxMUWj+VULbiZMowKngFFbKczUrNJ1mg==",
      "dependencies": [
        "safe-buffer"
      ]
    },
    "content-type@1.0.5": {
      "integrity": "sha512-nTjqfcBFEipKdXCv4YDQWCfmcLZKm81ldF0pAopTvyrFGVbcR6P/VAAd5G7N+0tTr8QqiU0tFadD6FK4NtJwOA=="
    },
    "cookie-signature@1.2.2": {
      "integrity": "sha512-D76uU73ulSXrD1UXF4KE2TMxVVwhsnCgfAyTg9k8P6KGZjlXKrOLe4dJQKI3Bxi5wjesZoFXJWElNWBjPZMbhg=="
    },
    "cookie@0.7.2": {
      "integrity": "sha512-yki5XnKuf750l50uGTllt6kKILY4nQ1eNIQatoXEByZ5dWgnKqbnqmTrBE5B4N7lrMJKQ2ytWMiTO2o0v6Ew/w=="
    },
    "cors@2.8.5": {
      "integrity": "sha512-KIHbLJqu73RGr/hnbrO9uBeixNGuvSQjul/jdFvS/KFSIH1hWVd1ng7zOHx+YrEfInLG7q4n6GHQ9cDtxv/P6g==",
      "dependencies": [
        "object-assign",
        "vary"
      ]
    },
    "cross-spawn@7.0.6": {
      "integrity": "sha512-uV2QOWP2nWzsy2aMp8aRibhi9dlzF5Hgh5SHaB9OiTGEyDTiJJyx0uy51QXdyWbtAHNua4XJzUKca3OzKUd3vA==",
      "dependencies": [
        "path-key",
        "shebang-command",
        "which"
      ]
    },
    "debug@4.4.0": {
      "integrity": "sha512-6WTZ/IxCY/T6BALoZHaE4ctp9xm+Z5kY/pzYaCHRFeyVhojxlrm+46y68HA6hr0TcwEssoxNiDEUJQjfPZ/RYA==",
      "dependencies": [
        "ms"
      ]
    },
    "depd@2.0.0": {
      "integrity": "sha512-g7nH6P6dyDioJogAAGprGpCtVImJhpPk/roCzdb3fIh61/s/nPsfR6onyMwkCAR/OlC3yBC0lESvUoQEAssIrw=="
    },
    "dunder-proto@1.0.1": {
      "integrity": "sha512-KIN/nDJBQRcXw0MLVhZE9iQHmG68qAVIBg9CqmUYjmQIhgij9U5MFvrqkUL5FbtyyzZuOeOt0zdeRe4UY7ct+A==",
      "dependencies": [
        "call-bind-apply-helpers",
        "es-errors",
        "gopd"
      ]
    },
    "ee-first@1.1.1": {
      "integrity": "590c61156b0ae2f4f0255732a158b266bc56b21d"
    },
    "encodeurl@2.0.0": {
      "integrity": "sha512-Q0n9HRi4m6JuGIV1eFlmvJB7ZEVxu93IrMyiMsGC0lrMJMWzRgx6WGquyfQgZVb31vhGgXnfmPNNXmxnOkRBrg=="
    },
    "es-define-property@1.0.1": {
      "integrity": "sha512-e3nRfgfUZ4rNGL232gUgX06QNyyez04KdjFrF+LTRoOXmrOgFKDg4BCdsjW8EnT69eqdYGmRpJwiPVYNrCaW3g=="
    },
    "es-errors@1.3.0": {
      "integrity": "sha512-Zf5H2Kxt2xjTvbJvP2ZWLEICxA6j+hAmMzIlypy4xcBg1vKVnx89Wy0GbS+kf5cwCVFFzdCFh2XSCFNULS6csw=="
    },
    "es-object-atoms@1.1.1": {
      "integrity": "sha512-FGgH2h8zKNim9ljj7dankFPcICIK9Cp5bm+c2gQSYePhpaG5+esrLODihIorn+Pe6FGJzWhXQotPv73jTaldXA==",
      "dependencies": [
        "es-errors"
      ]
    },
    "escape-html@1.0.3": {
      "integrity": "sha512-NiSupZ4OeuGwr68lGIeym/ksIZMJodUGOSCZ/FSnTxcrekbvqrgdUxlJOMpijaKZVjAJrWrGs/6Jy8OMuyj9ow=="
    },
    "etag@1.8.1": {
      "integrity": "sha512-aIL5Fx7mawVa300al2BnEE4iNvo1qETxLrPI/o05L7z6go7fCw1J6EQmbK4FmJ2AS7kgVF/KEZWufBfdClMcPg=="
    },
    "eventsource-parser@3.0.1": {
      "integrity": "sha512-VARTJ9CYeuQYb0pZEPbzi740OWFgpHe7AYJ2WFZVnUDUQp5Dk2yJUgF36YsZ81cOyxT0QxmXD2EQpapAouzWVA=="
    },
    "eventsource@3.0.6": {
      "integrity": "sha512-l19WpE2m9hSuyP06+FbuUUf1G+R0SFLrtQfbRb9PRr+oimOfxQhgGCbVaXg5IvZyyTThJsxh6L/srkMiCeBPDA==",
      "dependencies": [
        "eventsource-parser"
      ]
    },
    "express-rate-limit@7.5.0_express@5.1.0": {
      "integrity": "sha512-eB5zbQh5h+VenMPM3fh+nw1YExi5nMr6HUCR62ELSP11huvxm/Uir1H1QEyTkk5QX6A58pX6NmaTMceKZ0Eodg==",
      "dependencies": [
        "express"
      ]
    },
    "express@5.1.0": {
      "integrity": "sha512-DT9ck5YIRU+8GYzzU5kT3eHGA5iL+1Zd0EutOmTE9Dtk+Tvuzd23VBU+ec7HPNSTxXYO55gPV/hq4pSBJDjFpA==",
      "dependencies": [
        "accepts",
        "body-parser",
        "content-disposition",
        "content-type",
        "cookie",
        "cookie-signature",
        "debug",
        "encodeurl",
        "escape-html",
        "etag",
        "finalhandler",
        "fresh",
        "http-errors",
        "merge-descriptors",
        "mime-types",
        "on-finished",
        "once",
        "parseurl",
        "proxy-addr",
        "qs",
        "range-parser",
        "router",
        "send",
        "serve-static",
        "statuses",
        "type-is",
        "vary"
      ]
    },
    "finalhandler@2.1.0": {
      "integrity": "sha512-/t88Ty3d5JWQbWYgaOGCCYfXRwV1+be02WqYYlL6h0lEiUAMPM8o8qKGO01YIkOHzka2up08wvgYD0mDiI+q3Q==",
      "dependencies": [
        "debug",
        "encodeurl",
        "escape-html",
        "on-finished",
        "parseurl",
        "statuses"
      ]
    },
    "forwarded@0.2.0": {
      "integrity": "sha512-buRG0fpBtRHSTCOASe6hD258tEubFoRLb4ZNA6NxMVHNw2gOcwHo9wyablzMzOA5z9xA9L1KNjk/Nt6MT9aYow=="
    },
    "fresh@2.0.0": {
      "integrity": "sha512-Rx/WycZ60HOaqLKAi6cHRKKI7zxWbJ31MhntmtwMoaTeF7XFH9hhBp8vITaMidfljRQ6eYWCKkaTK+ykVJHP2A=="
    },
    "function-bind@1.1.2": {
      "integrity": "sha512-7XHNxH7qX9xG5mIwxkhumTox/MIRNcOgDrxWsMt2pAr23WHp6MrRlN7FBSFpCpr+oVO0F744iUgR82nJMfG2SA=="
    },
    "get-intrinsic@1.3.0": {
      "integrity": "sha512-9fSjSaos/fRIVIp+xSJlE6lfwhES7LNtKaCBIamHsjr2na1BiABJPo0mOjjz8GJDURarmCPGqaiVg5mfjb98CQ==",
      "dependencies": [
        "call-bind-apply-helpers",
        "es-define-property",
        "es-errors",
        "es-object-atoms",
        "function-bind",
        "get-proto",
        "gopd",
        "has-symbols",
        "hasown",
        "math-intrinsics"
      ]
    },
    "get-proto@1.0.1": {
      "integrity": "sha512-sTSfBjoXBp89JvIKIefqw7U2CCebsc74kiY6awiGogKtoSGbgjYE/G/+l9sF3MWFPNc9IcoOC4ODfKHfxFmp0g==",
      "dependencies": [
        "dunder-proto",
        "es-object-atoms"
      ]
    },
    "gopd@1.2.0": {
      "integrity": "sha512-ZUKRh6/kUFoAiTAtTYPZJ3hw9wNxx+BIBOijnlG9PnrJsCcSjs1wyyD6vJpaYtgnzDrKYRSqf3OO6Rfa93xsRg=="
    },
    "has-symbols@1.1.0": {
      "integrity": "sha512-1cDNdwJ2Jaohmb3sg4OmKaMBwuC48sYni5HUw2DvsC8LjGTLK9h+eb1X6RyuOHe4hT0ULCW68iomhjUoKUqlPQ=="
    },
    "hasown@2.0.2": {
      "integrity": "sha512-0hJU9SCPvmMzIBdZFqNPXWa6dqh7WdH0cII9y+CyS8rG3nL48Bclra9HmKhVVUHyPWNH5Y7xDwAB7bfgSjkUMQ==",
      "dependencies": [
        "function-bind"
      ]
    },
    "http-errors@2.0.0": {
      "integrity": "sha512-FtwrG/euBzaEjYeRqOgly7G0qviiXoJWnvEH2Z1plBdXgbyjv34pHTSb9zoeHMyDy33+DWy5Wt9Wo+TURtOYSQ==",
      "dependencies": [
        "depd",
        "inherits",
        "setprototypeof",
        "statuses",
        "toidentifier"
      ]
    },
    "iconv-lite@0.6.3": {
      "integrity": "sha512-4fCk79wshMdzMp2rH06qWrJE4iolqLhCUH+OiuIgU++RB0+94NlDL81atO7GX55uUKueo0txHNtvEyI6D7WdMw==",
      "dependencies": [
        "safer-buffer"
      ]
    },
    "inherits@2.0.4": {
      "integrity": "sha512-k/vGaX4/Yla3WzyMCvTQOXYeIHvqOKtnqBduzTHpzpQZzAskKMhZ2K+EnBiSM9zGSoIFeMpXKxa4dYeZIQqewQ=="
    },
    "ipaddr.js@1.9.1": {
      "integrity": "sha512-0KI/607xoxSToH7GjN1FfSbLoU0+btTicjsQSWQlh/hZykN8KpmMf7uYwPW3R+akZ6R/w18ZlXSHBYXiYUPO3g=="
    },
    "is-promise@4.0.0": {
      "integrity": "sha512-hvpoI6korhJMnej285dSg6nu1+e6uxs7zG3BYAm5byqDsgJNWwxzM6z6iZiAgQR4TJ30JmBTOwqZUw3WlyH3AQ=="
    },
    "isexe@2.0.0": {
      "integrity": "sha512-RHxMLp9lnKHGHRng9QFhRCMbYAcVpn69smSGcq3f36xjgVVWThj4qqLbTLlq7Ssj8B+fIQ1EuCEGI2lKsyQeIw=="
    },
    "math-intrinsics@1.1.0": {
      "integrity": "sha512-/IXtbwEk5HTPyEwyKX6hGkYXxM9nbj64B+ilVJnC/R6B0pH5G4V3b0pVbL7DBj4tkhBAppbQUlf6F6Xl9LHu1g=="
    },
    "media-typer@1.1.0": {
      "integrity": "sha512-aisnrDP4GNe06UcKFnV5bfMNPBUw4jsLGaWwWfnH3v02GnBuXX2MCVn5RbrWo0j3pczUilYblq7fQ7Nw2t5XKw=="
    },
    "merge-descriptors@2.0.0": {
      "integrity": "sha512-Snk314V5ayFLhp3fkUREub6WtjBfPdCPY1Ln8/8munuLuiYhsABgBVWsozAG+MWMbVEvcdcpbi9R7ww22l9Q3g=="
    },
    "mime-db@1.54.0": {
      "integrity": "sha512-aU5EJuIN2WDemCcAp2vFBfp/m4EAhWJnUNSSw0ixs7/kXbd6Pg64EmwJkNdFhB8aWt1sH2CTXrLxo/iAGV3oPQ=="
    },
    "mime-types@3.0.1": {
      "integrity": "sha512-xRc4oEhT6eaBpU1XF7AjpOFD+xQmXNB5OVKwp4tqCuBpHLS/ZbBDrc07mYTDqVMg6PfxUjjNp85O6Cd2Z/5HWA==",
      "dependencies": [
        "mime-db"
      ]
    },
    "ms@2.1.3": {
      "integrity": "sha512-6FlzubTLZG3J2a/NVCAleEhjzq5oxgHyaCU9yYXvcLsvoVaHJq/s5xXI6/XXP6tz7R9xAOtHnSO/tXtF3WRTlA=="
    },
    "negotiator@1.0.0": {
      "integrity": "sha512-8Ofs/AUQh8MaEcrlq5xOX0CQ9ypTF5dl78mjlMNfOK08fzpgTHQRQPBxcPlEtIw0yRpws+Zo/3r+5WRby7u3Gg=="
    },
    "object-assign@4.1.1": {
      "integrity": "sha512-rJgTQnkUnH1sFw8yT6VSU3zD3sWmu6sZhIseY8VX+GRu3P6F7Fu+JNDoXfklElbLJSnc3FUQHVe4cU5hj+BcUg=="
    },
    "object-inspect@1.13.4": {
      "integrity": "sha512-W67iLl4J2EXEGTbfeHCffrjDfitvLANg0UlX3wFUUSTx92KXRFegMHUVgSqE+wvhAbi4WqjGg9czysTV2Epbew=="
    },
    "on-finished@2.4.1": {
      "integrity": "sha512-oVlzkg3ENAhCk2zdv7IJwd/QUD4z2RxRwpkcGY8psCVcCYZNq4wYnVWALHM+brtuJjePWiYF/ClmuDr8Ch5+kg==",
      "dependencies": [
        "ee-first"
      ]
    },
    "once@1.4.0": {
      "integrity": "sha512-lNaJgI+2Q5URQBkccEKHTQOPaXdUxnZZElQTZY0MFUAuaEqe1E+Nyvgdz/aIyNi6Z9MzO5dv1H8n58/GELp3+w==",
      "dependencies": [
        "wrappy"
      ]
    },
    "parseurl@1.3.3": {
      "integrity": "sha512-CiyeOxFT/JZyN5m0z9PfXw4SCBJ6Sygz1Dpl0wqjlhDEGGBP1GnsUVEL0p63hoG1fcj3fHynXi9NYO4nWOL+qQ=="
    },
    "path-key@3.1.1": {
      "integrity": "sha512-ojmeN0qd+y0jszEtoY48r0Peq5dwMEkIlCOu6Q5f41lfkswXuKtYrhgoTpLnyIcHm24Uhqx+5Tqm2InSwLhE6Q=="
    },
    "path-to-regexp@8.2.0": {
      "integrity": "sha512-TdrF7fW9Rphjq4RjrW0Kp2AW0Ahwu9sRGTkS6bvDi0SCwZlEZYmcfDbEsTz8RVk0EHIS/Vd1bv3JhG+1xZuAyQ=="
    },
    "pkce-challenge@5.0.0": {
      "integrity": "sha512-ueGLflrrnvwB3xuo/uGob5pd5FN7l0MsLf0Z87o/UQmRtwjvfylfc9MurIxRAWywCYTgrvpXBcqjV4OfCYGCIQ=="
    },
    "proxy-addr@2.0.7": {
      "integrity": "sha512-llQsMLSUDUPT44jdrU/O37qlnifitDP+ZwrmmZcoSKyLKvtZxpyV0n2/bD/N4tBAAZ/gJEdZU7KMraoK1+XYAg==",
      "dependencies": [
        "forwarded",
        "ipaddr.js"
      ]
    },
    "qs@6.14.0": {
      "integrity": "sha512-YWWTjgABSKcvs/nWBi9PycY/JiPJqOD4JA6o9Sej2AtvSGarXxKC3OQSk4pAarbdQlKAh5D4FCQkJNkW+GAn3w==",
      "dependencies": [
        "side-channel"
      ]
    },
    "range-parser@1.2.1": {
      "integrity": "sha512-Hrgsx+orqoygnmhFbKaHE6c296J+HTAQXoxEF6gNupROmmGJRoyzfG3ccAveqCBrwr/2yxQ5BVd/GTl5agOwSg=="
    },
    "raw-body@3.0.0": {
      "integrity": "sha512-RmkhL8CAyCRPXCE28MMH0z2PNWQBNk2Q09ZdxM9IOOXwxwZbN+qbWaatPkdkWIKL2ZVDImrN/pK5HTRz2PcS4g==",
      "dependencies": [
        "bytes",
        "http-errors",
        "iconv-lite",
        "unpipe"
      ]
    },
    "router@2.2.0": {
      "integrity": "sha512-nLTrUKm2UyiL7rlhapu/Zl45FwNgkZGaCpZbIHajDYgwlJCOzLSk+cIPAnsEqV955GjILJnKbdQC1nVPz+gAYQ==",
      "dependencies": [
        "debug",
        "depd",
        "is-promise",
        "parseurl",
        "path-to-regexp"
      ]
    },
    "safe-buffer@5.2.1": {
      "integrity": "sha512-rp3So07KcdmmKbGvgaNxQSJr7bGVSVk5S9Eq1F+ppbRo70+YeaDxkw5Dd8NPN+GD6bjnYm2VuPuCXmpuYvmCXQ=="
    },
    "safer-buffer@2.1.2": {
      "integrity": "sha512-YZo3K82SD7Riyi0E1EQPojLz7kpepnSQI9IyPbHHg1XXXevb5dJI7tpyN2ADxGcQbHG7vcyRHk0cbwqcQriUtg=="
    },
    "send@1.2.0": {
      "integrity": "sha512-uaW0WwXKpL9blXE2o0bRhoL2EGXIrZxQ2ZQ4mgcfoBxdFmQold+qWsD2jLrfZ0trjKL6vOw0j//eAwcALFjKSw==",
      "dependencies": [
        "debug",
        "encodeurl",
        "escape-html",
        "etag",
        "fresh",
        "http-errors",
        "mime-types",
        "ms",
        "on-finished",
        "range-parser",
        "statuses"
      ]
    },
    "serve-static@2.2.0": {
      "integrity": "sha512-61g9pCh0Vnh7IutZjtLGGpTA355+OPn2TyDv/6ivP2h/AdAVX9azsoxmg2/M6nZeQZNYBEwIcsne1mJd9oQItQ==",
      "dependencies": [
        "encodeurl",
        "escape-html",
        "parseurl",
        "send"
      ]
    },
    "setprototypeof@1.2.0": {
      "integrity": "sha512-E5LDX7Wrp85Kil5bhZv46j8jOeboKq5JMmYM3gVGdGH8xFpPWXUMsNrlODCrkoxMEeNi/XZIwuRvY4XNwYMJpw=="
    },
    "shebang-command@2.0.0": {
      "integrity": "sha512-kHxr2zZpYtdmrN1qDjrrX/Z1rR1kG8Dx+gkpK1G4eXmvXswmcE1hTWBWYUzlraYw1/yZp6YuDY77YtvbN0dmDA==",
      "dependencies": [
        "shebang-regex"
      ]
    },
    "shebang-regex@3.0.0": {
      "integrity": "sha512-7++dFhtcx3353uBaq8DDR4NuxBetBzC7ZQOhmTQInHEd6bSrXdiEyzCvG07Z44UYdLShWUyXt5M/yhz8ekcb1A=="
    },
    "side-channel-list@1.0.0": {
      "integrity": "sha512-FCLHtRD/gnpCiCHEiJLOwdmFP+wzCmDEkc9y7NsYxeF4u7Btsn1ZuwgwJGxImImHicJArLP4R0yX4c2KCrMrTA==",
      "dependencies": [
        "es-errors",
        "object-inspect"
      ]
    },
    "side-channel-map@1.0.1": {
      "integrity": "sha512-VCjCNfgMsby3tTdo02nbjtM/ewra6jPHmpThenkTYh8pG9ucZ/1P8So4u4FGBek/BjpOVsDCMoLA/iuBKIFXRA==",
      "dependencies": [
        "call-bound",
        "es-errors",
        "get-intrinsic",
        "object-inspect"
      ]
    },
    "side-channel-weakmap@1.0.2": {
      "integrity": "sha512-WPS/HvHQTYnHisLo9McqBHOJk2FkHO/tlpvldyrnem4aeQp4hai3gythswg6p01oSoTl58rcpiFAjF2br2Ak2A==",
      "dependencies": [
        "call-bound",
        "es-errors",
        "get-intrinsic",
        "object-inspect",
        "side-channel-map"
      ]
    },
    "side-channel@1.1.0": {
      "integrity": "sha512-ZX99e6tRweoUXqR+VBrslhda51Nh5MTQwou5tnUDgbtyM0dBgmhEDtWGP/xbKn6hqfPRHujUNwz5fy/wbbhnpw==",
      "dependencies": [
        "es-errors",
        "object-inspect",
        "side-channel-list",
        "side-channel-map",
        "side-channel-weakmap"
      ]
    },
    "statuses@2.0.1": {
      "integrity": "sha512-RwNA9Z/7PrK06rYLIzFMlaF+l73iwpzsqRIFgbMLbTcLD6cOao82TaWefPXQvB2fOC4AjuYSEndS7N/mTCbkdQ=="
    },
    "toidentifier@1.0.1": {
      "integrity": "sha512-o5sSPKEkg/DIQNmH43V0/uerLrpzVedkUh8tGNvaeXpfpuwjKenlSox/2O/BTlZUtEe+JG7s5YhEz608PlAHRA=="
    },
    "type-is@2.0.1": {
      "integrity": "sha512-OZs6gsjF4vMp32qrCbiVSkrFmXtG/AZhY3t0iAMrMBiAZyV9oALtXO8hsrHbMXF9x6L3grlFuwW2oAz7cav+Gw==",
      "dependencies": [
        "content-type",
        "media-typer",
        "mime-types"
      ]
    },
    "undici-types@6.19.8": {
      "integrity": "sha512-ve2KP6f/JnbPBFyobGHuerC9g1FYGn/F8n1LWTwNxCEzd6IfqTwUQcNXgEtmmQ6DlRrC1hrSrBnCZPokRrDHjw=="
    },
    "unpipe@1.0.0": {
      "integrity": "sha512-pjy2bYhSsufwWlKwPc+l3cN7+wuJlK6uz0YdJEOlQDbl6jo/YlPi4mb8agUkVC8BF7V8NuzeyPNqRksA3hztKQ=="
    },
    "vary@1.1.2": {
      "integrity": "sha512-BNGbWLfd0eUPabhkXUVm0j8uuvREyTh5ovRa/dyow/BqAbZJyC+5fU+IzQOzmAKzYqYRAISoRhdQr3eIZ/PXqg=="
    },
    "which@2.0.2": {
      "integrity": "sha512-BLI3Tl1TW3Pvl70l3yq3Y64i+awpwXqsGBYWkkqMtnbXgrMD+yj7rhW0kuEDxzJaYXGjEW5ogapKNMEKNMjibA==",
      "dependencies": [
        "isexe"
      ]
    },
    "wrappy@1.0.2": {
      "integrity": "sha512-l4Sp/DRseor9wL6EvV2+TuQn63dMkPjZ/sp9XkghTEbV9KlPS1xUsZ3u7/IQO4wxtcFB4bgpQPRcR3QCvezPcQ=="
    },
    "zod-to-json-schema@3.24.5_zod@3.24.2": {
      "integrity": "sha512-/AuWwMP+YqiPbsJx5D6TfgRTc4kTLjsh5SOcd4bLsfUg2RcEXrFMJl1DGgdHy2aCfsIA/cr/1JM0xcB2GZji8g==",
      "dependencies": [
        "zod"
      ]
    },
    "zod@3.24.2": {
      "integrity": "sha512-lY7CDW43ECgW9u1TcT3IoXHflywfVqDYze4waEz812jR/bZ8FHDsl7pFQoSZTz5N+2NqRXs8GBwnAwo3ZNxqhQ=="
    }
  },
  "redirects": {
    "https://esm.sh/@alloc/quick-lru@^5.2.0?target=denonext": "https://esm.sh/@alloc/quick-lru@5.2.0?target=denonext",
    "https://esm.sh/@emotion/is-prop-valid?target=denonext": "https://esm.sh/@emotion/is-prop-valid@1.3.1?target=denonext",
    "https://esm.sh/@emotion/memoize@^0.9.0?target=denonext": "https://esm.sh/@emotion/memoize@0.9.0?target=denonext",
    "https://esm.sh/@jridgewell/gen-mapping@^0.3.2?target=denonext": "https://esm.sh/@jridgewell/gen-mapping@0.3.8?target=denonext",
    "https://esm.sh/@jridgewell/resolve-uri@^3.1.0?target=denonext": "https://esm.sh/@jridgewell/resolve-uri@3.1.2?target=denonext",
    "https://esm.sh/@jridgewell/set-array@^1.2.1?target=denonext": "https://esm.sh/@jridgewell/set-array@1.2.1?target=denonext",
    "https://esm.sh/@jridgewell/sourcemap-codec@^1.4.10?target=denonext": "https://esm.sh/@jridgewell/sourcemap-codec@1.5.0?target=denonext",
    "https://esm.sh/@jridgewell/sourcemap-codec@^1.4.14?target=denonext": "https://esm.sh/@jridgewell/sourcemap-codec@1.5.0?target=denonext",
    "https://esm.sh/@jridgewell/trace-mapping@^0.3.24?target=denonext": "https://esm.sh/@jridgewell/trace-mapping@0.3.25?target=denonext",
    "https://esm.sh/@nodelib/fs.stat@^2.0.2?target=denonext": "https://esm.sh/@nodelib/fs.stat@2.0.5?target=denonext",
    "https://esm.sh/@nodelib/fs.walk@^1.2.3?target=denonext": "https://esm.sh/@nodelib/fs.walk@1.2.8?target=denonext",
    "https://esm.sh/@tailwindcss/line-clamp?target=denonext": "https://esm.sh/@tailwindcss/line-clamp@0.4.4?target=denonext",
    "https://esm.sh/@types/braces@~3.0.5/index.d.ts": "https://esm.sh/@types/braces@3.0.5/index.d.ts",
    "https://esm.sh/@types/camelcase-css@~2.0.2/index.d.ts": "https://esm.sh/@types/camelcase-css@2.0.2/index.d.ts",
    "https://esm.sh/@types/cssesc@~3.0.2/index.d.ts": "https://esm.sh/@types/cssesc@3.0.2/index.d.ts",
    "https://esm.sh/@types/didyoumean@~1.2.3/index.d.ts": "https://esm.sh/@types/didyoumean@1.2.3/index.d.ts",
    "https://esm.sh/@types/dlv@~1.1.5/index.d.ts": "https://esm.sh/@types/dlv@1.1.5/index.d.ts",
    "https://esm.sh/@types/fill-range@~7.0.3/index.d.ts": "https://esm.sh/@types/fill-range@7.0.3/index.d.ts",
    "https://esm.sh/@types/glob-parent@~5.1.3/index.d.ts": "https://esm.sh/@types/glob-parent@5.1.3/index.d.ts",
    "https://esm.sh/@types/is-extglob@~2.1.0/index.d.ts": "https://esm.sh/@types/is-extglob@2.1.0/index.d.ts",
    "https://esm.sh/@types/is-glob@~4.0.4/index.d.ts": "https://esm.sh/@types/is-glob@4.0.4/index.d.ts",
    "https://esm.sh/@types/merge2@~1.4.4/index.d.ts": "https://esm.sh/@types/merge2@1.4.4/index.d.ts",
    "https://esm.sh/@types/micromatch@~4.0.9/index.d.ts": "https://esm.sh/@types/micromatch@4.0.9/index.d.ts",
    "https://esm.sh/@types/normalize-path@~3.0.2/index.d.ts": "https://esm.sh/@types/normalize-path@3.0.2/index.d.ts",
    "https://esm.sh/@types/object-hash@~3.0.6/index.d.ts": "https://esm.sh/@types/object-hash@3.0.6/index.d.ts",
    "https://esm.sh/@types/picomatch@~2.3.4/index.d.ts": "https://esm.sh/@types/picomatch@2.3.4/index.d.ts",
    "https://esm.sh/@types/postcss-js@~4.0.4/index.d.ts": "https://esm.sh/@types/postcss-js@4.0.4/index.d.ts",
    "https://esm.sh/@types/react@~19.0.12/index.d.ts": "https://esm.sh/@types/react@19.0.14/index.d.ts",
    "https://esm.sh/@types/react@~19.0.12/jsx-runtime.d.ts": "https://esm.sh/@types/react@19.0.14/jsx-runtime.d.ts",
    "https://esm.sh/@types/react@~19.1.0/index.d.ts": "https://esm.sh/@types/react@19.1.0/index.d.ts",
    "https://esm.sh/@types/react@~19.1.0/jsx-runtime.d.ts": "https://esm.sh/@types/react@19.1.0/jsx-runtime.d.ts",
    "https://esm.sh/@types/run-parallel@~1.1.2/index.d.ts": "https://esm.sh/@types/run-parallel@1.1.2/index.d.ts",
    "https://esm.sh/@types/to-regex-range@~5.0.3/index.d.ts": "https://esm.sh/@types/to-regex-range@5.0.3/index.d.ts",
    "https://esm.sh/@types/util-deprecate@~1.0.4/index.d.ts": "https://esm.sh/@types/util-deprecate@1.0.4/index.d.ts",
    "https://esm.sh/braces@^3.0.3?target=denonext": "https://esm.sh/braces@3.0.3?target=denonext",
    "https://esm.sh/camelcase-css@^2.0.1?target=denonext": "https://esm.sh/camelcase-css@2.0.1?target=denonext",
    "https://esm.sh/clsx@^2.1.1": "https://esm.sh/clsx@2.1.1",
    "https://esm.sh/cssesc@^3.0.0?target=denonext": "https://esm.sh/cssesc@3.0.0?target=denonext",
    "https://esm.sh/didyoumean@^1.2.2?target=denonext": "https://esm.sh/didyoumean@1.2.2?target=denonext",
    "https://esm.sh/dlv@^1.1.3?target=denonext": "https://esm.sh/dlv@1.1.3?target=denonext",
    "https://esm.sh/fast-glob@^3.3.2?target=denonext": "https://esm.sh/fast-glob@3.3.3?target=denonext",
    "https://esm.sh/fastq@^1.6.0?target=denonext": "https://esm.sh/fastq@1.19.1?target=denonext",
    "https://esm.sh/fill-range@^7.1.1?target=denonext": "https://esm.sh/fill-range@7.1.1?target=denonext",
    "https://esm.sh/framer-motion@^12.4.7": "https://esm.sh/framer-motion@12.6.3",
    "https://esm.sh/glob-parent@^5.1.2?target=denonext": "https://esm.sh/glob-parent@5.1.2?target=denonext",
    "https://esm.sh/glob-parent@^6.0.2?target=denonext": "https://esm.sh/glob-parent@6.0.2?target=denonext",
    "https://esm.sh/is-extglob@^2.1.1?target=denonext": "https://esm.sh/is-extglob@2.1.1?target=denonext",
    "https://esm.sh/is-glob@^4.0.1?target=denonext": "https://esm.sh/is-glob@4.0.3?target=denonext",
    "https://esm.sh/is-glob@^4.0.3?target=denonext": "https://esm.sh/is-glob@4.0.3?target=denonext",
    "https://esm.sh/jiti@^1.21.6/dist/babel?target=denonext": "https://esm.sh/jiti@1.21.7/dist/babel?target=denonext",
    "https://esm.sh/jiti@^1.21.6?target=denonext": "https://esm.sh/jiti@1.21.7?target=denonext",
    "https://esm.sh/lines-and-columns@^1.1.6?target=denonext": "https://esm.sh/lines-and-columns@1.2.4?target=denonext",
    "https://esm.sh/merge2@^1.3.0?target=denonext": "https://esm.sh/merge2@1.4.1?target=denonext",
    "https://esm.sh/micromatch@^4.0.8?target=denonext": "https://esm.sh/micromatch@4.0.8?target=denonext",
    "https://esm.sh/motion-dom@^12.6.3?target=denonext": "https://esm.sh/motion-dom@12.6.3?target=denonext",
    "https://esm.sh/motion-utils@^12.6.3?target=denonext": "https://esm.sh/motion-utils@12.6.3?target=denonext",
    "https://esm.sh/nanoid@^3.3.8/non-secure?target=denonext": "https://esm.sh/nanoid@3.3.11/non-secure?target=denonext",
    "https://esm.sh/normalize-path@^3.0.0?target=denonext": "https://esm.sh/normalize-path@3.0.0?target=denonext",
    "https://esm.sh/object-hash@^3.0.0?target=denonext": "https://esm.sh/object-hash@3.0.0?target=denonext",
    "https://esm.sh/picocolors@^1.1.1?target=denonext": "https://esm.sh/picocolors@1.1.1?target=denonext",
    "https://esm.sh/picomatch@^2.3.1/lib/utils?target=denonext": "https://esm.sh/picomatch@2.3.1/lib/utils?target=denonext",
    "https://esm.sh/picomatch@^2.3.1?target=denonext": "https://esm.sh/picomatch@2.3.1?target=denonext",
    "https://esm.sh/postcss-js@^4.0.1?target=denonext": "https://esm.sh/postcss-js@4.0.1?target=denonext",
    "https://esm.sh/postcss-nested@^6.2.0?target=denonext": "https://esm.sh/postcss-nested@6.2.0?target=denonext",
    "https://esm.sh/postcss-selector-parser@^6.1.1?target=denonext": "https://esm.sh/postcss-selector-parser@6.1.2?target=denonext",
    "https://esm.sh/postcss-selector-parser@^6.1.2/dist/util/unesc?target=denonext": "https://esm.sh/postcss-selector-parser@6.1.2/dist/util/unesc?target=denonext",
    "https://esm.sh/postcss-selector-parser@^6.1.2?target=denonext": "https://esm.sh/postcss-selector-parser@6.1.2?target=denonext",
    "https://esm.sh/postcss@^8.2.14?target=denonext": "https://esm.sh/postcss@8.5.3?target=denonext",
    "https://esm.sh/postcss@^8.4.21?target=denonext": "https://esm.sh/postcss@8.5.3?target=denonext",
    "https://esm.sh/postcss@^8.4.47?target=denonext": "https://esm.sh/postcss@8.5.3?target=denonext",
    "https://esm.sh/queue-microtask@^1.2.2?target=denonext": "https://esm.sh/queue-microtask@1.2.3?target=denonext",
    "https://esm.sh/react@^19.1.0/jsx-runtime?target=denonext": "https://esm.sh/react@19.1.0/jsx-runtime?target=denonext",
    "https://esm.sh/react@^19.1.0?target=denonext": "https://esm.sh/react@19.1.0?target=denonext",
    "https://esm.sh/reusify@^1.0.4?target=denonext": "https://esm.sh/reusify@1.1.0?target=denonext",
    "https://esm.sh/run-parallel@^1.1.9?target=denonext": "https://esm.sh/run-parallel@1.2.0?target=denonext",
    "https://esm.sh/source-map-js@^1.2.1?target=denonext": "https://esm.sh/source-map-js@1.2.1?target=denonext",
    "https://esm.sh/sucrase@^3.35.0?target=denonext": "https://esm.sh/sucrase@3.35.0?target=denonext",
    "https://esm.sh/tailwind-merge@^3.0.2": "https://esm.sh/tailwind-merge@3.2.0",
    "https://esm.sh/tailwindcss@^4.0.0-beta.9/plugin?target=denonext": "https://esm.sh/tailwindcss@4.1.3/plugin?target=denonext",
    "https://esm.sh/to-regex-range@^5.0.1?target=denonext": "https://esm.sh/to-regex-range@5.0.1?target=denonext",
    "https://esm.sh/ts-interface-checker@^0.1.9?target=denonext": "https://esm.sh/ts-interface-checker@0.1.13?target=denonext",
    "https://esm.sh/util-deprecate@^1.0.2?target=denonext": "https://esm.sh/util-deprecate@1.0.2?target=denonext"
  },
  "remote": {
    "https://esm.sh/*@preact/signals-core@1.5.1": "375c3958358064bf74df7e273d76755be9330994cddc687413aacc4e7f9177b3",
    "https://esm.sh/*@preact/signals-core@1.5.1/denonext/signals-core.mjs": "ce64d5327a504a805c800df12ffe489bc93e7057c24e3be8c304be1b4c19f8b6",
    "https://esm.sh/*@preact/signals@1.2.2": "325a059801c4a39c5bb1ff7441f81a7f894f5d1e63e03fa7da6f5125a8507098",
    "https://esm.sh/*@preact/signals@1.2.2/denonext/signals.mjs": "c48c13b4bb7e26f4089fbb719f9966b2ee91e1b32d99d7f86eeb2fb78cf15447",
    "https://esm.sh/*preact-render-to-string@5.2.4": "1ffa9ab000b1c3b13a02d328161bceaef13afbc4e65f1e63c74f66482e0c4c35",
    "https://esm.sh/*preact-render-to-string@5.2.4/denonext/preact-render-to-string.mjs": "ac55a5da42eb382e063ea0af1771948adf328b57b2c0872765a1d79e7c2b641f",
    "https://esm.sh/@alloc/quick-lru@5.2.0/denonext/quick-lru.mjs": "18d5ab8b0ee2b8c0ba55eab65a86f126f480d5d0ca85eeefa32f9ee2e399f110",
    "https://esm.sh/@alloc/quick-lru@5.2.0?target=denonext": "8506b81cc497d3d01a8b06176598c36333efab2f6773b5f681f4bfbeba33079d",
    "https://esm.sh/@emotion/is-prop-valid@1.3.1/denonext/is-prop-valid.mjs": "285d8637d6de90c4fef80bc10eb948a81142b9efb11ff1f551aaa1137117160b",
    "https://esm.sh/@emotion/is-prop-valid@1.3.1?target=denonext": "e3151ba435a5d32af4f7a46c7f449b8ed19b6b10a10c29122b3a3ec5eb6655f6",
    "https://esm.sh/@emotion/memoize@0.9.0/denonext/memoize.mjs": "835b314ffa8962bdb09ecd8c1c650dcf89db3cbb541a3ae3d860a2ee8cd619bf",
    "https://esm.sh/@emotion/memoize@0.9.0?target=denonext": "4c265ad20d1b7d8a55af3b71dd6bcd1f60a7a5e9945a4dfbfbd5a747fdd3f47d",
    "https://esm.sh/@jridgewell/gen-mapping@0.3.8/denonext/gen-mapping.mjs": "b586c9bd32975e155a2842fbb52b3302c7e116f7126d4ad56dce9e54bd45ca84",
    "https://esm.sh/@jridgewell/gen-mapping@0.3.8?target=denonext": "74d11e1ddc108d2b5422d0e1ab26bb3a1689c9f657f00a98d9804474a171eff5",
    "https://esm.sh/@jridgewell/resolve-uri@3.1.2/denonext/resolve-uri.mjs": "2da147ad4f55ddeff542640347c789ff19db8db4ead77cce27a0c171f5f5c349",
    "https://esm.sh/@jridgewell/resolve-uri@3.1.2?target=denonext": "9f734a6f626960d09b0ddb1965c08a7d5960fec667f891b4a0a55d23d0bfac51",
    "https://esm.sh/@jridgewell/set-array@1.2.1/denonext/set-array.mjs": "cef8a73a74123ebb12bdc363f21fc1322f11001d09e63126b01d81057a13e23e",
    "https://esm.sh/@jridgewell/set-array@1.2.1?target=denonext": "0d082d8415a063ff6f4abe960a2e816c317d8744d3318a973a35ec058e6dbd7b",
    "https://esm.sh/@jridgewell/sourcemap-codec@1.5.0/denonext/sourcemap-codec.mjs": "2a8b7653620059f12f611d72e92769b7baa2a2618c48b4c91d43052b68355511",
    "https://esm.sh/@jridgewell/sourcemap-codec@1.5.0?target=denonext": "9fc84006496b7fde60a658408292067c5221add515ad5b97703684e3cf44b6c3",
    "https://esm.sh/@jridgewell/trace-mapping@0.3.25/denonext/trace-mapping.mjs": "5618d4e587108f5fdfd7979a6db9fa2f152ba2e82bc9a6331780e16e9dc9b4f5",
    "https://esm.sh/@jridgewell/trace-mapping@0.3.25?target=denonext": "56139de1cc719be94844670df3c2c6a42158de5c62a23c7dcf10b6600bc62c2b",
    "https://esm.sh/@nodelib/fs.scandir@2.1.5/denonext/fs.scandir.mjs": "274e376535b7b253c73f86a42b3bda10049b6fea75db4cc7b53b88db339286b9",
    "https://esm.sh/@nodelib/fs.stat@2.0.5/denonext/fs.stat.mjs": "54da00841dc5e6b5581f50e299fb9fd23864c11526145c2bd581e5b40737cecf",
    "https://esm.sh/@nodelib/fs.stat@2.0.5?target=denonext": "7703befd72f56697b978206aa0942d7f53aab31b0a55f1244b4fd794fc81499c",
    "https://esm.sh/@nodelib/fs.walk@1.2.8/denonext/fs.walk.mjs": "ce895194f61083880e5aef2390ea4edcfc12597f308be1561a1266392f0f67eb",
    "https://esm.sh/@nodelib/fs.walk@1.2.8?target=denonext": "a68ec3adf7a2812351a3ed3cb8df689acad4c7afc70fee986dcd895be3a9bbbb",
    "https://esm.sh/@tailwindcss/line-clamp@0.4.4/denonext/line-clamp.mjs": "252fa8d82ac4e569e3ee8140c9ca3e216760631da1019cac48e6750feb89d8d3",
    "https://esm.sh/@tailwindcss/line-clamp@0.4.4?target=denonext": "1fbc5f55d06b23c8fc79d58f00831983224f1c15b5249de3cd0a2d51fed22572",
    "https://esm.sh/axios@1.3.2/es2022/axios.mjs": "25d9ab52277654fe8b2610d6005a8fcfa45b3fbb0388e795036d3e6a1f27cf68",
    "https://esm.sh/axios@1.3.2?target=es2022": "2230263ae29644a582af3f163614141a4ab7bfc139b4af866d22a58bc11f2ab8",
    "https://esm.sh/braces@3.0.3/denonext/braces.mjs": "a3909393c947301c3b6348ab2378bd4f96fe001009b9beb44dcf1030dd717f47",
    "https://esm.sh/braces@3.0.3?target=denonext": "58c0fed5cc432a2192aad7eeaf6e3988b96830a6c6ec0ad51dfc97578b2e8dee",
    "https://esm.sh/camelcase-css@2.0.1/denonext/camelcase-css.mjs": "1aa67ed93327d93dae71a70444bf1408a8ab3eab8bba2a710d3643b4ed415901",
    "https://esm.sh/camelcase-css@2.0.1?target=denonext": "39dbe8afdc8dc441073d55efa7ce04adb31a07d8d31619fed5d31e299be32c93",
    "https://esm.sh/clsx@2.1.1": "1c5bcfafa10ae7e2ed2b2cd85ce4ddb2862831e1f7f30b7f09e2c55832784040",
    "https://esm.sh/clsx@2.1.1/denonext/clsx.mjs": "ed43dc59b4ff97eb73e7e4d4f61007e2e1028f346f2d6040436839e998e71d26",
    "https://esm.sh/cssesc@3.0.0/denonext/cssesc.mjs": "c548acc0c3c5ae183898994347dc3ae57b71cea73f3df1d1643c096c84e75d65",
    "https://esm.sh/cssesc@3.0.0?target=denonext": "46b22fe658d7c495f8c683cf71f88369ec073d6aef6f0f94729672791842b80c",
    "https://esm.sh/didyoumean@1.2.2/denonext/didyoumean.mjs": "eaee3cce9c279c82404e5b2e2d82a6f94c439b7bff49a2643ffed05b279e1a1c",
    "https://esm.sh/didyoumean@1.2.2?target=denonext": "9c183f2cb26fa0cbefe396d71a209ccd3fb48543050a839379a69fd403c3b9d6",
    "https://esm.sh/dlv@1.1.3/denonext/dlv.mjs": "0223283fdcab2dae38eb62b13a9a77bc9fe6026b4b62f2a8f94cf2cd35cac82c",
    "https://esm.sh/dlv@1.1.3?target=denonext": "a3e3bfa84c6b020d6b8cf93f6ac21f95ddea3c4b486e44f0af39696a6468069b",
    "https://esm.sh/fast-glob@3.3.3/denonext/fast-glob.mjs": "65877d873498643483aa01a3d773ebf3c5283352687e3ed451fd8e3a04473eae",
    "https://esm.sh/fast-glob@3.3.3?target=denonext": "013bbfcf40dbc297f3ae57f7c85a9fa6af2029e24258e2fd69076dbf0fac7e9f",
    "https://esm.sh/fastq@1.19.1/denonext/fastq.mjs": "a637080c2d32098ce78735f27be3a80a3f33d512f4e3a38b2168e6af6b7f692b",
    "https://esm.sh/fastq@1.19.1?target=denonext": "232620945fc592798bd1f7de68116c945f458f9edc9125ed4ad6aa5d9dd61b88",
    "https://esm.sh/fill-range@7.1.1/denonext/fill-range.mjs": "a617c46f1e0a36d1aaefdcda2790bcf05c986c5ecff805ecc615faad25ff8d02",
    "https://esm.sh/fill-range@7.1.1?target=denonext": "3a1d3f856665be6a3a26a1007b55729d1eaa4142397a605b14b752458b997241",
    "https://esm.sh/framer-motion@12.6.3": "4207907682b6087ba39cbb9d3d0ce4466119a945fbd24283acc16a5341391746",
    "https://esm.sh/framer-motion@12.6.3/denonext/framer-motion.mjs": "62798b0dadd17d7c7d5c6c185c82e351e685549138b47fd0b5dc1063685012fe",
    "https://esm.sh/glob-parent@5.1.2/denonext/glob-parent.mjs": "656e4f93468626b7b0c388908d24132e893315386ec1e83322b74cb0dcde5d1c",
    "https://esm.sh/glob-parent@5.1.2?target=denonext": "0e04ba2ebac5a052f7d5671a73c19f72407c2660bd3d5a5be577dd1ffcdfc7dc",
    "https://esm.sh/glob-parent@6.0.2/denonext/glob-parent.mjs": "e629258fece4c22cb6d3a108a97c95ea8df4d735e4c79630f2a7da870bbafa23",
    "https://esm.sh/glob-parent@6.0.2?target=denonext": "e30aa6b9dc68fbde857f7495eb6f05c7c41b5e5a7453be63a48cfd62269aacdb",
    "https://esm.sh/is-extglob@2.1.1/denonext/is-extglob.mjs": "adbceb33b529cc88849ee39364a0eea16088cefb795221d3be31c7d6c2b7a47d",
    "https://esm.sh/is-extglob@2.1.1?target=denonext": "cc21d63edf9dcc600d613af9dc30eeac8c8ee324104dab9f978fa567ec8f3ae4",
    "https://esm.sh/is-glob@4.0.3/denonext/is-glob.mjs": "4555ca21a3af8a883c44c977fd1ff03be73dd7927dea188443992d01749b845d",
    "https://esm.sh/is-glob@4.0.3?target=denonext": "5fef477a765ea5f14bff33ee18156cd8398e8fba5fea6fa636ebe2280349e3ce",
    "https://esm.sh/jiti@1.21.7/denonext/dist/babel.mjs": "95d8f0b529fdeeb7b12eacfa93d6ad80c4548b2b407022e08608c6789b8e7d9f",
    "https://esm.sh/jiti@1.21.7/denonext/jiti.mjs": "75830015c5c1f473ae2014286ed7f9f66b88404641efdfef8c18731463295c7b",
    "https://esm.sh/jiti@1.21.7/dist/babel?target=denonext": "238960d30e4169f10b16b90db8b8e0e3695d3d13b589c2cbde7a70d5eb8761b2",
    "https://esm.sh/jiti@1.21.7?target=denonext": "8b16749a8a79eafecd65003c0a14082274620e9521e2a0137e5825ee353898e8",
    "https://esm.sh/lines-and-columns@1.2.4/denonext/lines-and-columns.mjs": "785cd1f5843f3645f9304248e4cf77987a71c6e2e7207d5b5200c9ea8ed67cdc",
    "https://esm.sh/lines-and-columns@1.2.4?target=denonext": "24df63eccd321681ded34cf71de26b252de505ac6fe86fff5f5fafb810f86441",
    "https://esm.sh/merge2@1.4.1/denonext/merge2.mjs": "b7e2fe0b629b75aabc963fd1e6635d6dcf59f5f2df42111df1ced9d3d064fcec",
    "https://esm.sh/merge2@1.4.1?target=denonext": "a1286ee0e809c60cde57dcd9357fe3979d10abf74324608c83eb5640088c5053",
    "https://esm.sh/micromatch@4.0.8/denonext/micromatch.mjs": "3663f155546be362a116c4a6bcececb00df29ed5870b308809ddb255ade2a78b",
    "https://esm.sh/micromatch@4.0.8?target=denonext": "5e66db24ea49ffe179d951391cb92d5173e4911a45a6793d189a83861dae0b2e",
    "https://esm.sh/motion-dom@12.6.3/denonext/motion-dom.mjs": "ecf0778dfe34b2b47f89906ca60832975a4890f3411f197894f4b8eb9654be48",
    "https://esm.sh/motion-dom@12.6.3?target=denonext": "0e7029a7d81093a865e73c9c71e375c094b3689aa72d88e7fd2fe02b6f31723e",
    "https://esm.sh/motion-utils@12.6.3/denonext/motion-utils.mjs": "158c339caa673c7d5ed4041fb58457872294e244f5db1951eda0a951da1eb908",
    "https://esm.sh/motion-utils@12.6.3?target=denonext": "7c191b60698f8ada0cbd917b92b7e1c2f962c2ccbe8b253ff6690fcaed503a54",
    "https://esm.sh/nanoid@3.3.11/denonext/non-secure.mjs": "1f166118c1c4b4d4b5356ef0050fed87acf28cdb8a76813803fee72188f18b30",
    "https://esm.sh/nanoid@3.3.11/non-secure?target=denonext": "ac0c34cc5f9846db51a5d868ce6ee815f831a19b1d57a1b8bae9226fc8d68dec",
    "https://esm.sh/node/buffer.mjs": "43d7ffab85c67adc0575a7d7c463e84a61ee8efc455d95665c8eb8d4a31e17cd",
    "https://esm.sh/normalize-path@3.0.0/denonext/normalize-path.mjs": "ecabfab5ffc4bce022eed2b9c50a777cc04b44b17c477eeef8790d7602f4eb93",
    "https://esm.sh/normalize-path@3.0.0?target=denonext": "4fd9f901c0c9062a18ca83ede4b9122f9b3b67ce3839a86344bb8a4d98158359",
    "https://esm.sh/object-hash@3.0.0/denonext/object-hash.mjs": "a0de679d08f71d0ef12da988f1be37af4d050e5ef55e8a35d90d7d3489b3e9da",
    "https://esm.sh/object-hash@3.0.0?target=denonext": "e218e75f3503f2bdd9f9b758658a59f8ce0a76c387ec49e979b5d2039373a97d",
    "https://esm.sh/picocolors@1.1.1/denonext/picocolors.mjs": "fa0033734392d8b8ad0c565338a77fa835e8b00e9ef244bf6f36570dd699ea3f",
    "https://esm.sh/picocolors@1.1.1?target=denonext": "97aaf037b1af74a20fe9f9f2beabba700924823101e86bdcd3ae2c9327376f74",
    "https://esm.sh/picomatch@2.3.1/denonext/lib/utils.mjs": "78f1e101706724181555315f3d8b8d0bb19c602caec154ae911e8a645d1b0b47",
    "https://esm.sh/picomatch@2.3.1/denonext/picomatch.mjs": "b238291b792bb898d06a490c316425f0921457a9ecb30b12909e00b47abd32ec",
    "https://esm.sh/picomatch@2.3.1/lib/utils?target=denonext": "07ebea80a4b1cbb4dc99b7ae7f6dd81321eb5e4ba254cc39fe57bd5a61082b7b",
    "https://esm.sh/picomatch@2.3.1?target=denonext": "e1e7cb8fa5f73ba0cefa1e19003d8adebe6c1dda6d934d656361df441ee5f4b0",
    "https://esm.sh/postcss-js@4.0.1/denonext/async.mjs": "90a7602a50926d3491ea00b07135429174b88b537929703352c8128626c3cd8d",
    "https://esm.sh/postcss-js@4.0.1/denonext/objectifier.mjs": "df146288008cae08140eede11a4152b8d3db59229a69b4d068a4254bd47850c3",
    "https://esm.sh/postcss-js@4.0.1/denonext/parser.mjs": "de35017f0f8fef175ebf8759539fb7d323df119dde251b09d6d1904035d9bab6",
    "https://esm.sh/postcss-js@4.0.1/denonext/postcss-js.mjs": "bc84d0914b55660b458011f5451d98d8c1d6c94096a866883443285482d6a5a7",
    "https://esm.sh/postcss-js@4.0.1/denonext/process-result.mjs": "96840377db6a0c0917035314f38181d3f13451100a33c71f3412d458c4a2a2b5",
    "https://esm.sh/postcss-js@4.0.1/denonext/sync.mjs": "abd39a2f4a9bc2b8c9c1cceeae397cf07f2d7fc016edc0c0edeb98b112bea04c",
    "https://esm.sh/postcss-js@4.0.1?target=denonext": "aba48f8bfa332370cb382dcb55fa57ba1a98952f3f8a4f74f4611b10058a7e3a",
    "https://esm.sh/postcss-nested@6.2.0/denonext/postcss-nested.mjs": "2c772eb1021a4642b60b6ce56739d8727c4f5f5f3f0598b2f25c3805a50c969d",
    "https://esm.sh/postcss-nested@6.2.0?target=denonext": "3f977ced1f70abf693275963f2dfef7491c1e434736b966bd194b3561f3a0ab6",
    "https://esm.sh/postcss-selector-parser@6.1.2/denonext/dist/util/unesc.mjs": "737a8526d9e2c2ace54928cbb4dc6205d850bd81550069faccf6f90dc1ce4d00",
    "https://esm.sh/postcss-selector-parser@6.1.2/denonext/postcss-selector-parser.mjs": "67baf457834e84c652cdc2d2073d072226ba2ae531996094a145ab99df3fb689",
    "https://esm.sh/postcss-selector-parser@6.1.2/dist/util/unesc?target=denonext": "c14466135461e10e035138f0e98fe4c514ed63c922e9a782d67cf6d568e3f9e6",
    "https://esm.sh/postcss-selector-parser@6.1.2?target=denonext": "2537850e0eef50737c135b11ecf6d71bcf2b19daea0a26464889e276ab46b3ec",
    "https://esm.sh/postcss@8.5.3/denonext/lib/at-rule.mjs": "6f7437ac0ce3be6635e9dbae92d864d04c32449810e3e5e77b3423354f34701f",
    "https://esm.sh/postcss@8.5.3/denonext/lib/comment.mjs": "d5867d857c6887ca39582cd8647df478bc15df05c61778c313dc0685e6f64683",
    "https://esm.sh/postcss@8.5.3/denonext/lib/container.mjs": "ce4619c06e902d109ba853c1e6095d0fad7603ddfbdf4f8b3c5289a72e9ec0b8",
    "https://esm.sh/postcss@8.5.3/denonext/lib/css-syntax-error.mjs": "a85dbf14a76c80adfff8a52f94af17e4c2f9985423996be6d6687037bbbb3361",
    "https://esm.sh/postcss@8.5.3/denonext/lib/declaration.mjs": "3697ca8c1953d496b27d940fc80161b755ee345c946750a443fabb9455972740",
    "https://esm.sh/postcss@8.5.3/denonext/lib/document.mjs": "086cfc4b672620ef4f496575b827d46562baa05c6f9246e2a1a4601fb5412b80",
    "https://esm.sh/postcss@8.5.3/denonext/lib/fromJSON.mjs": "4499f6230e596f6de0e4d1fa165c4e713002a526ec512a5e65b53b51601dd0d2",
    "https://esm.sh/postcss@8.5.3/denonext/lib/input.mjs": "1a1e774e242cf711c47c177c9020d3127a18edb84ee313bc225968e445964b7d",
    "https://esm.sh/postcss@8.5.3/denonext/lib/lazy-result.mjs": "b31f6d3a031e1710073395d271517a232a759986760a033ec2fa834b0f73c7ad",
    "https://esm.sh/postcss@8.5.3/denonext/lib/list.mjs": "da3537e7b74e5f5d56abd06c236e75dc0aa8199d37c8f42dc75d4d8ec1ce8717",
    "https://esm.sh/postcss@8.5.3/denonext/lib/map-generator.mjs": "937c84e4bb928274d6878a636557234efca79002796851241b6e9374536a5f05",
    "https://esm.sh/postcss@8.5.3/denonext/lib/no-work-result.mjs": "462b9836aab585bf66d1ca1eb28fcf9fef09f75992cacb15961edf1c80bc788d",
    "https://esm.sh/postcss@8.5.3/denonext/lib/node.mjs": "4fafbf5a547a88f65dbb13b598818698652016c575027f4e1c24fef326022eb8",
    "https://esm.sh/postcss@8.5.3/denonext/lib/parse.mjs": "9bd871a1b536570ddd83c38f0c5133c02fe5d9e69a2654de126bacd31d8711b4",
    "https://esm.sh/postcss@8.5.3/denonext/lib/parser.mjs": "25015d733d5eb81c50e650de4a7dbd3447b835910c523da39afcdc1e0df92ab5",
    "https://esm.sh/postcss@8.5.3/denonext/lib/previous-map.mjs": "c70136c0bc5701812d3a0b9a1857437ed1d42bc59fc02cfcafc4a8ee18c5d45e",
    "https://esm.sh/postcss@8.5.3/denonext/lib/processor.mjs": "428a1c0042aa650aefe3f707f90344979ce711e8e238cf8bef468dbb8eed7771",
    "https://esm.sh/postcss@8.5.3/denonext/lib/result.mjs": "e2472a546a3f551a47b4faaf8dfa9ad48426ee807403da9ddb0d3609bfc8c30c",
    "https://esm.sh/postcss@8.5.3/denonext/lib/root.mjs": "4bfe442b52402ce921c36bd5b650151754b1dce90d87f40efc818e944cd9d2aa",
    "https://esm.sh/postcss@8.5.3/denonext/lib/rule.mjs": "80d6dc0d968676506ae93345472c69975a19d5905ac6f8af6a26bf729d5b64cd",
    "https://esm.sh/postcss@8.5.3/denonext/lib/stringifier.mjs": "7ab6173b457d249234cfaf4896a45aec950af76389d8892eeb43418b5f403e7b",
    "https://esm.sh/postcss@8.5.3/denonext/lib/stringify.mjs": "d1513dc84f675d95b373ea85b328b91b52fbc596c30ee397850a60403293d5ee",
    "https://esm.sh/postcss@8.5.3/denonext/lib/symbols.mjs": "006e75589995df0aaa48c5e553b62ffdecd1fd5a1ec3f224bc3d6bfe1ec9612e",
    "https://esm.sh/postcss@8.5.3/denonext/lib/terminal-highlight.mjs": "0a4c6572c40f49bcdd6d1b17806823de6149003a3d980ebe4f4bf547224d72c7",
    "https://esm.sh/postcss@8.5.3/denonext/lib/tokenize.mjs": "13e5487d3110d5623c17a441c671602eef6f4fa208881d52b9a5805965989865",
    "https://esm.sh/postcss@8.5.3/denonext/lib/warn-once.mjs": "ce11150c8b8002e250d7ff8084f34ec63d686d4c77adf0b60177d6419130aee6",
    "https://esm.sh/postcss@8.5.3/denonext/lib/warning.mjs": "d8a43b658972cf465d6f16d72ed51ae5d6e74f5b03b4977913a08d8dfbdab54c",
    "https://esm.sh/postcss@8.5.3/denonext/postcss.mjs": "efc9ac15bf8f6d067d098c05018f4737893fdc1829e785535c20fbbf3fb0a61f",
    "https://esm.sh/postcss@8.5.3?target=denonext": "8b6ede89bb39a4b3062d567ed0bc9007858c2ec5691fb867882f9e8e7ea99e3c",
    "https://esm.sh/preact@10.22.0": "0fb9b89617c3a27b6be4eee74bd07b845e92900e6b7fdb757bc3a498a6ec9065",
    "https://esm.sh/preact@10.22.0/denonext/hooks.mjs": "4dce42add594ddae5b9251fad7d569a373edef6648f7a44c5a760b6639898920",
    "https://esm.sh/preact@10.22.0/denonext/jsx-runtime.mjs": "9c20426e7e6c4b17b6f912ab90df23d55138dd3d719bce34563b775f9d70b6b2",
    "https://esm.sh/preact@10.22.0/denonext/preact.mjs": "4d84d31589efc25c9c066968c07fa9ac3db53831b34a4c46535d0c724cdb486e",
    "https://esm.sh/preact@10.22.0/hooks": "8a1ea3148ef7373b9c3dc027a147ff6728a4e53e10e3506c1191b087f0e564e1",
    "https://esm.sh/preact@10.22.0/jsx-runtime": "6c6117abd414386ed23785f7c198e03bee696c1fa0fee01b72a64abe5e7ae7fb",
    "https://esm.sh/queue-microtask@1.2.3/denonext/queue-microtask.mjs": "b0e153a240d836527feea7b9ecfa99fa8e5a5ef7e48b43092b7cecd8649a8712",
    "https://esm.sh/queue-microtask@1.2.3?target=denonext": "fc6002fc339a8edbab36e4e6df1d245a0c3a5dc507edf4e5fb7e857f8b117aa2",
    "https://esm.sh/react@19.1.0/denonext/jsx-runtime.mjs": "fbd3137c02ae8733d3bfaf434884aada41253c9074bdd3baf598879de24fe70b",
    "https://esm.sh/react@19.1.0/denonext/react.mjs": "b43f435068776ab7a40daea8854ab1f8eca6252e86a9ac8b716bb9110ffeb76e",
    "https://esm.sh/react@19.1.0/jsx-runtime?target=denonext": "8c80348342f0448fbf5499e9f357ab3f678db3b7fbf782f8899fc88bb0a182c3",
    "https://esm.sh/react@19.1.0?target=denonext": "8cb1e2ba1aeb012dc6807c8b3cf6ae90579b448317c9debc9d888dcabc246e66",
    "https://esm.sh/reusify@1.1.0/denonext/reusify.mjs": "3b91b42988a3ec3984cef34b99cd5f67b4a008609c3d4fc5d35e8f2d1aab8cef",
    "https://esm.sh/reusify@1.1.0?target=denonext": "aea1fd894bd8993f740cf053799f9639ee649122854c1fe4a5425d5aa2dc5e96",
    "https://esm.sh/run-parallel@1.2.0/denonext/run-parallel.mjs": "77808968c9de972bb725e73559c80e64bf9524b7d2f781941115d023fd42e7b3",
    "https://esm.sh/run-parallel@1.2.0?target=denonext": "2acc47cfa930a6c5e502877b2e5ee9cd2a2ec81e4fcc579f3c0bdebe32590de6",
    "https://esm.sh/source-map-js@1.2.1/denonext/source-map-js.mjs": "2129223e17c258b391a47907a69c0b86d1c87cbb66eea7e9b25ff555ec0bbc7c",
    "https://esm.sh/source-map-js@1.2.1?target=denonext": "33ba5cf2ee7c1fe6b63b36c31e9075e290bc5c574055acbdc48c2f24a21d2f83",
    "https://esm.sh/sucrase@3.35.0/denonext/sucrase.mjs": "1d1c05878a5f0656226ee064c90845d01adf23b2bff84521480ffaad6da16d21",
    "https://esm.sh/sucrase@3.35.0?target=denonext": "2e4c449f97b0c91e2800bdb6a1192f46dfaba56fa048e0c50eb8d150bd513195",
    "https://esm.sh/tailwind-merge@3.2.0": "4df40d4accad64f746b095adc24541a5076bc3c8825e83d8a43649c4511f5798",
    "https://esm.sh/tailwind-merge@3.2.0/denonext/tailwind-merge.mjs": "3b374b6003911bf487db67fcf02a4ef69f9cc3a81030e510260588c72b8191c4",
    "https://esm.sh/tailwindcss@3.4.17": "0d5c6546923ca69e2d2a1cec444214f239d2df1e5f2b90708b76043809b84c12",
    "https://esm.sh/tailwindcss@3.4.17/denonext/tailwindcss.mjs": "382a6a4ed82273daead6e2eb6af426822a3fbf7303387ee49db16be7699f8b45",
    "https://esm.sh/tailwindcss@4.1.3/denonext/plugin.mjs": "1a325adb1c5acd419067c27be203ad06ba4535eafb3ddb7dd1ba47eff24a4396",
    "https://esm.sh/tailwindcss@4.1.3/plugin?target=denonext": "286977fb0a522b62fad40a741996fcf9c5ced3804bd98c335f35c4dfa62fb284",
    "https://esm.sh/to-regex-range@5.0.1/denonext/to-regex-range.mjs": "3f099b66f908b58dd6ee20afd1fed4616ea02fd0c118dc91ff1ed3e72d795bc7",
    "https://esm.sh/to-regex-range@5.0.1?target=denonext": "5d6ed8b93f9fc4009378f84ade74e2681c2264b37e79f978c557037c612086ed",
    "https://esm.sh/ts-interface-checker@0.1.13/denonext/ts-interface-checker.mjs": "482a9d9214862af127455b80dbe15559b107bb8283dc4b6ba10da16757b3dfe8",
    "https://esm.sh/ts-interface-checker@0.1.13?target=denonext": "b1c4bedafbacf4fc6ca1b02c22601fe4e3dee3d3dc14ca3e8fb6f8656a368e72",
    "https://esm.sh/util-deprecate@1.0.2/denonext/util-deprecate.mjs": "083639894972cb68837eef26346c43bdd01357977149e0a4493f76192a4008b8",
    "https://esm.sh/util-deprecate@1.0.2?target=denonext": "859f4df8ba771a4c33143185d3db6a7edb824fab1ed4f9a4b96ac0e6bc3ef1a4",
    "https://esm.sh/zod@3.21.4": "db442c2cc172d61ed5adfc1e246a67510aef8a67b0987eaf1f9f165b4fe8829d",
    "https://esm.sh/zod@3.21.4/denonext/zod.mjs": "6903ab3dee3b3a36c2fa1e9f05f6f08406b4e038d4d56bc4e26775d8a0eb4c63"
  },
  "workspace": {
    "dependencies": [
      "npm:@modelcontextprotocol/sdk@^1.8.0",
      "npm:chalk@^5.4.1"
    ]
  }
}
